
Microsoft Visual Studio Solution File, Format Version 11.00
# Visual Studio 2010
Project("{8BC9CEB8-8B4A-11D0-8D11-00A0C91BC942}") = "ServiceControl", "ServiceControl.vcxproj", "{34067EBA-7F45-4066-8909-309ACD40E72F}"
EndProject
Global
	GlobalSection(SolutionConfigurationPlatforms) = preSolution
		Debug|Win32 = Debug|Win32
		Release|Win32 = Release|Win32
	EndGlobalSection
	GlobalSection(ProjectConfigurationPlatforms) = postSolution
		{34067EBA-7F45-4066-8909-309ACD40E72F}.Debug|Win32.ActiveCfg = Debug|Win32
		{34067EBA-7F45-4066-8909-309ACD40E72F}.Debug|Win32.Build.0 = Debug|Win32
		{34067EBA-7F45-4066-8909-309ACD40E72F}.Release|Win32.ActiveCfg = Release|Win32
		{34067EBA-7F45-4066-8909-309ACD40E72F}.Release|Win32.Build.0 = Release|Win32
	EndGlobalSection
	GlobalSection(SolutionProperties) = preSolution
		HideSolutionNode = FALSE
	EndGlobalSection
EndGlobal
